PODS:
  - PurchasesHybridCommon (17.41.1):
    - RevenueCat (= 5.59.2)
  - PurchasesHybridCommonUI (17.41.1):
    - PurchasesHybridCommon (= 17.41.1)
    - RevenueCatUI (= 5.59.2)
  - RevenueCat (5.59.2)
  - RevenueCatUI (5.59.2):
    - RevenueCat (= 5.59.2)

DEPENDENCIES:
  - PurchasesHybridCommon (~> 17.41)
  - PurchasesHybridCommonUI (~> 17.41)

SPEC REPOS:
  trunk:
    - PurchasesHybridCommon
    - PurchasesHybridCommonUI
    - RevenueCat
    - RevenueCatUI

SPEC CHECKSUMS:
  PurchasesHybridCommon: 8eb130ab98f8dab600dea932a2599dee79304bb5
  PurchasesHybridCommonUI: 59c7bf053558417dcabc06ec6ac072fa8181b865
  RevenueCat: f352b3661288080bd8bf30bbb96e331940e73c88
  RevenueCatUI: 5f7b3496a7fd7a16a254a6b78de2e221c117d9d2

PODFILE CHECKSUM: 4093d9256967699910a0f2db6b08e375bcf27440

COCOAPODS: 1.16.2
