PODS:
  - PurchasesHybridCommon (13.11.0):
    - RevenueCat (= 5.10.0)
  - PurchasesHybridCommonUI (13.11.0):
    - PurchasesHybridCommon (= 13.11.0)
    - RevenueCatUI (= 5.10.0)
  - RevenueCat (5.10.0)
  - RevenueCatUI (5.10.0):
    - RevenueCat (= 5.10.0)

DEPENDENCIES:
  - PurchasesHybridCommon (= 13.11.0)
  - PurchasesHybridCommonUI (= 13.11.0)

SPEC REPOS:
  trunk:
    - PurchasesHybridCommon
    - PurchasesHybridCommonUI
    - RevenueCat
    - RevenueCatUI

SPEC CHECKSUMS:
  PurchasesHybridCommon: d9a9ae1b6e1ed9418c53eaa517fccfb45bfdbf0b
  PurchasesHybridCommonUI: ac2c78f28be48e82db8683dbf7d0d5ce1622a2e0
  RevenueCat: 0d1cb52b93ab2d3d63fad9a62bd8650ce82e43e2
  RevenueCatUI: 4bf74b5e791850f75caeb04148aeea80440a79ff

PODFILE CHECKSUM: 694f2ba1725f49a9cd68a74b13f3be466f1549ce

COCOAPODS: 1.16.2
