PODS:
  - PurchasesHybridCommon (13.21.0):
    - RevenueCat (= 5.18.0)
  - PurchasesHybridCommonUI (13.21.0):
    - PurchasesHybridCommon (= 13.21.0)
    - RevenueCatUI (= 5.18.0)
  - RevenueCat (5.18.0)
  - RevenueCatUI (5.18.0):
    - RevenueCat (= 5.18.0)

DEPENDENCIES:
  - PurchasesHybridCommon (= 13.21.0)
  - PurchasesHybridCommonUI (= 13.21.0)

SPEC REPOS:
  trunk:
    - PurchasesHybridCommon
    - PurchasesHybridCommonUI
    - RevenueCat
    - RevenueCatUI

SPEC CHECKSUMS:
  PurchasesHybridCommon: 9691d74a051f30858360d78936d59dc14575014e
  PurchasesHybridCommonUI: 19a14aea9521c58814d2fba56f584ec58363c12c
  RevenueCat: e825836f5d6baa870c53d7281be25a5fd91abd91
  RevenueCatUI: f52648672be46e692955aab397a4a491f8aa196f

PODFILE CHECKSUM: 4a5ae8a16d80b6958c02ec60ff5364830db17f51

COCOAPODS: 1.16.2
