PODS:
  - PurchasesHybridCommon (17.30.0):
    - RevenueCat (= 5.56.0)
  - PurchasesHybridCommonUI (17.30.0):
    - PurchasesHybridCommon (= 17.30.0)
    - RevenueCatUI (= 5.56.0)
  - RevenueCat (5.56.0)
  - RevenueCatUI (5.56.0):
    - RevenueCat (= 5.56.0)

DEPENDENCIES:
  - PurchasesHybridCommon (= 17.30.0)
  - PurchasesHybridCommonUI (= 17.30.0)

SPEC REPOS:
  trunk:
    - PurchasesHybridCommon
    - PurchasesHybridCommonUI
    - RevenueCat
    - RevenueCatUI

SPEC CHECKSUMS:
  PurchasesHybridCommon: c00f6ce5933b9928e99766a45c9e53c0a5a03240
  PurchasesHybridCommonUI: 3aed98f646f9f7f6915a12908766d468412be064
  RevenueCat: 9e2a13bead55198a72272ff105a7265e9510cd11
  RevenueCatUI: 2200b8ec1cadb1c69c6f05452144184f929eadef

PODFILE CHECKSUM: 3b1d814e72a48285f85091674d71bc9ca816add2

COCOAPODS: 1.16.2
